# THIS IS AN AUTOGENERATED FILE. DO NOT EDIT THIS FILE DIRECTLY.
# yarn lockfile v1


vscode-web@^1.74.0:
  version "1.75.0"
  resolved "https://registry.yarnpkg.com/vscode-web/-/vscode-web-1.75.0.tgz#b280a63f5a715cd1b4bbd55fbe1922bf747383d7"
  integrity sha512-OMVxgnS59tlcsY3csCrTMuwATkbCaMh5mF+n3Z04iVQCkiixiKm7IqSRKfBcOoFNO4Jiuh0HScN/xMXgSbzQvg==
